
Microsoft Visual Studio Solution File, Format Version 12.00
# Visual Studio Version 16
VisualStudioVersion = 16.0.30406.217
MinimumVisualStudioVersion = 10.0.40219.1
Project("{FAE04EC0-301F-11D3-BF4B-00C04F79EFBC}") = "TestRegex", "TestRegex\TestRegex.csproj", "{6F9EA50F-0841-4DA6-A688-28B9A7D66F6B}"
EndProject
Global
	GlobalSection(SolutionConfigurationPlatforms) = preSolution
		Debug|Any CPU = Debug|Any CPU
		Debug|ARM = Debug|ARM
		Debug|ARM64 = Debug|ARM64
		Debug|x64 = Debug|x64
		Debug|x86 = Debug|x86
		Release|Any CPU = Release|Any CPU
		Release|ARM = Release|ARM
		Release|ARM64 = Release|ARM64
		Release|x64 = Release|x64
		Release|x86 = Release|x86
	EndGlobalSection
	GlobalSection(ProjectConfigurationPlatforms) = postSolution
		{6F9EA50F-0841-4DA6-A688-28B9A7D66F6B}.Debug|Any CPU.ActiveCfg = Debug|Any CPU
		{6F9EA50F-0841-4DA6-A688-28B9A7D66F6B}.Debug|Any CPU.Build.0 = Debug|Any CPU
		{6F9EA50F-0841-4DA6-A688-28B9A7D66F6B}.Debug|ARM.ActiveCfg = Debug|Any CPU
		{6F9EA50F-0841-4DA6-A688-28B9A7D66F6B}.Debug|ARM.Build.0 = Debug|Any CPU
		{6F9EA50F-0841-4DA6-A688-28B9A7D66F6B}.Debug|ARM64.ActiveCfg = Debug|Any CPU
		{6F9EA50F-0841-4DA6-A688-28B9A7D66F6B}.Debug|ARM64.Build.0 = Debug|Any CPU
		{6F9EA50F-0841-4DA6-A688-28B9A7D66F6B}.Debug|x64.ActiveCfg = Debug|Any CPU
		{6F9EA50F-0841-4DA6-A688-28B9A7D66F6B}.Debug|x64.Build.0 = Debug|Any CPU
		{6F9EA50F-0841-4DA6-A688-28B9A7D66F6B}.Debug|x86.ActiveCfg = Debug|Any CPU
		{6F9EA50F-0841-4DA6-A688-28B9A7D66F6B}.Debug|x86.Build.0 = Debug|Any CPU
		{6F9EA50F-0841-4DA6-A688-28B9A7D66F6B}.Release|Any CPU.ActiveCfg = Release|Any CPU
		{6F9EA50F-0841-4DA6-A688-28B9A7D66F6B}.Release|Any CPU.Build.0 = Release|Any CPU
		{6F9EA50F-0841-4DA6-A688-28B9A7D66F6B}.Release|ARM.ActiveCfg = Release|Any CPU
		{6F9EA50F-0841-4DA6-A688-28B9A7D66F6B}.Release|ARM.Build.0 = Release|Any CPU
		{6F9EA50F-0841-4DA6-A688-28B9A7D66F6B}.Release|ARM64.ActiveCfg = Release|Any CPU
		{6F9EA50F-0841-4DA6-A688-28B9A7D66F6B}.Release|ARM64.Build.0 = Release|Any CPU
		{6F9EA50F-0841-4DA6-A688-28B9A7D66F6B}.Release|x64.ActiveCfg = Release|Any CPU
		{6F9EA50F-0841-4DA6-A688-28B9A7D66F6B}.Release|x64.Build.0 = Release|Any CPU
		{6F9EA50F-0841-4DA6-A688-28B9A7D66F6B}.Release|x86.ActiveCfg = Release|Any CPU
		{6F9EA50F-0841-4DA6-A688-28B9A7D66F6B}.Release|x86.Build.0 = Release|Any CPU
	EndGlobalSection
	GlobalSection(SolutionProperties) = preSolution
		HideSolutionNode = FALSE
	EndGlobalSection
	GlobalSection(ExtensibilityGlobals) = postSolution
		SolutionGuid = {665632BB-EB7E-418A-988B-F7E0B414A60E}
	EndGlobalSection
EndGlobal
